
Microsoft Visual Studio Solution File, Format Version 12.00
# Visual Studio 14
VisualStudioVersion = 14.0.25420.1
MinimumVisualStudioVersion = 10.0.40219.1
Project("{FAE04EC0-301F-11D3-BF4B-00C04F79EFBC}") = "BookApp", "BookApp\BookApp.csproj", "{9DE8037B-AA9E-4D5C-88BD-2A28175315D7}"
EndProject
Project("{FAE04EC0-301F-11D3-BF4B-00C04F79EFBC}") = "Interfaces", "Interfaces\Interfaces.csproj", "{4B803268-76F5-47CD-99C7-AE2C1A2FC398}"
EndProject
Project("{FAE04EC0-301F-11D3-BF4B-00C04F79EFBC}") = "Repository", "Repository\Repository.csproj", "{52EF1E27-C45A-4D58-8FDC-04052C6F2A96}"
EndProject
Project("{FAE04EC0-301F-11D3-BF4B-00C04F79EFBC}") = "Models", "Models\Models.csproj", "{0792B3AB-0969-4F1C-B14A-B110980B0079}"
EndProject
Project("{FAE04EC0-301F-11D3-BF4B-00C04F79EFBC}") = "Implementation", "Implementation\Implementation.csproj", "{5B6455EB-7DFC-4B7C-ADCA-1E354FA16946}"
EndProject
Global
	GlobalSection(SolutionConfigurationPlatforms) = preSolution
		Debug|Any CPU = Debug|Any CPU
		Release|Any CPU = Release|Any CPU
	EndGlobalSection
	GlobalSection(ProjectConfigurationPlatforms) = postSolution
		{9DE8037B-AA9E-4D5C-88BD-2A28175315D7}.Debug|Any CPU.ActiveCfg = Debug|Any CPU
		{9DE8037B-AA9E-4D5C-88BD-2A28175315D7}.Debug|Any CPU.Build.0 = Debug|Any CPU
		{9DE8037B-AA9E-4D5C-88BD-2A28175315D7}.Release|Any CPU.ActiveCfg = Release|Any CPU
		{9DE8037B-AA9E-4D5C-88BD-2A28175315D7}.Release|Any CPU.Build.0 = Release|Any CPU
		{4B803268-76F5-47CD-99C7-AE2C1A2FC398}.Debug|Any CPU.ActiveCfg = Debug|Any CPU
		{4B803268-76F5-47CD-99C7-AE2C1A2FC398}.Debug|Any CPU.Build.0 = Debug|Any CPU
		{4B803268-76F5-47CD-99C7-AE2C1A2FC398}.Release|Any CPU.ActiveCfg = Release|Any CPU
		{4B803268-76F5-47CD-99C7-AE2C1A2FC398}.Release|Any CPU.Build.0 = Release|Any CPU
		{52EF1E27-C45A-4D58-8FDC-04052C6F2A96}.Debug|Any CPU.ActiveCfg = Debug|Any CPU
		{52EF1E27-C45A-4D58-8FDC-04052C6F2A96}.Debug|Any CPU.Build.0 = Debug|Any CPU
		{52EF1E27-C45A-4D58-8FDC-04052C6F2A96}.Release|Any CPU.ActiveCfg = Release|Any CPU
		{52EF1E27-C45A-4D58-8FDC-04052C6F2A96}.Release|Any CPU.Build.0 = Release|Any CPU
		{0792B3AB-0969-4F1C-B14A-B110980B0079}.Debug|Any CPU.ActiveCfg = Debug|Any CPU
		{0792B3AB-0969-4F1C-B14A-B110980B0079}.Debug|Any CPU.Build.0 = Debug|Any CPU
		{0792B3AB-0969-4F1C-B14A-B110980B0079}.Release|Any CPU.ActiveCfg = Release|Any CPU
		{0792B3AB-0969-4F1C-B14A-B110980B0079}.Release|Any CPU.Build.0 = Release|Any CPU
		{5B6455EB-7DFC-4B7C-ADCA-1E354FA16946}.Debug|Any CPU.ActiveCfg = Debug|Any CPU
		{5B6455EB-7DFC-4B7C-ADCA-1E354FA16946}.Debug|Any CPU.Build.0 = Debug|Any CPU
		{5B6455EB-7DFC-4B7C-ADCA-1E354FA16946}.Release|Any CPU.ActiveCfg = Release|Any CPU
		{5B6455EB-7DFC-4B7C-ADCA-1E354FA16946}.Release|Any CPU.Build.0 = Release|Any CPU
	EndGlobalSection
	GlobalSection(SolutionProperties) = preSolution
		HideSolutionNode = FALSE
	EndGlobalSection
EndGlobal
